
Microsoft Visual Studio Solution File, Format Version 12.00
# Visual Studio Version 17
VisualStudioVersion = 17.5.33516.290
MinimumVisualStudioVersion = 10.0.40219.1
Project("{9A19103F-16F7-4668-BE54-9A1E7A4F7556}") = "WhisperBuddy.Wasm", "WhisperBuddy.Wasm\WhisperBuddy.Wasm.csproj", "{96B46E51-4F81-4D1D-9C95-31903FA88AAF}"
EndProject
Project("{9A19103F-16F7-4668-BE54-9A1E7A4F7556}") = "WhisperBuddy.Maui", "WhisperBuddy.Maui\WhisperBuddy.Maui.csproj", "{88A1FA57-52DC-4927-A84E-DAC824E711B0}"
EndProject
Project("{9A19103F-16F7-4668-BE54-9A1E7A4F7556}") = "WhisperBuddy", "WhisperBuddy\WhisperBuddy.csproj", "{87233832-3F7F-4046-83A2-66A850B79DEA}"
EndProject
Global
	GlobalSection(SolutionConfigurationPlatforms) = preSolution
		Debug|Any CPU = Debug|Any CPU
		Release|Any CPU = Release|Any CPU
	EndGlobalSection
	GlobalSection(ProjectConfigurationPlatforms) = postSolution
		{96B46E51-4F81-4D1D-9C95-31903FA88AAF}.Debug|Any CPU.ActiveCfg = Debug|Any CPU
		{96B46E51-4F81-4D1D-9C95-31903FA88AAF}.Debug|Any CPU.Build.0 = Debug|Any CPU
		{96B46E51-4F81-4D1D-9C95-31903FA88AAF}.Release|Any CPU.ActiveCfg = Release|Any CPU
		{96B46E51-4F81-4D1D-9C95-31903FA88AAF}.Release|Any CPU.Build.0 = Release|Any CPU
		{88A1FA57-52DC-4927-A84E-DAC824E711B0}.Debug|Any CPU.ActiveCfg = Debug|Any CPU
		{88A1FA57-52DC-4927-A84E-DAC824E711B0}.Debug|Any CPU.Build.0 = Debug|Any CPU
		{88A1FA57-52DC-4927-A84E-DAC824E711B0}.Debug|Any CPU.Deploy.0 = Debug|Any CPU
		{88A1FA57-52DC-4927-A84E-DAC824E711B0}.Release|Any CPU.ActiveCfg = Release|Any CPU
		{88A1FA57-52DC-4927-A84E-DAC824E711B0}.Release|Any CPU.Build.0 = Release|Any CPU
		{88A1FA57-52DC-4927-A84E-DAC824E711B0}.Release|Any CPU.Deploy.0 = Release|Any CPU
		{87233832-3F7F-4046-83A2-66A850B79DEA}.Debug|Any CPU.ActiveCfg = Debug|Any CPU
		{87233832-3F7F-4046-83A2-66A850B79DEA}.Debug|Any CPU.Build.0 = Debug|Any CPU
		{87233832-3F7F-4046-83A2-66A850B79DEA}.Release|Any CPU.ActiveCfg = Release|Any CPU
		{87233832-3F7F-4046-83A2-66A850B79DEA}.Release|Any CPU.Build.0 = Release|Any CPU
	EndGlobalSection
	GlobalSection(SolutionProperties) = preSolution
		HideSolutionNode = FALSE
	EndGlobalSection
	GlobalSection(ExtensibilityGlobals) = postSolution
		SolutionGuid = {5E0A19F5-8149-4C83-9835-3F1AA139CB67}
	EndGlobalSection
EndGlobal
