
Microsoft Visual Studio Solution File, Format Version 12.00
# Visual Studio Version 17
VisualStudioVersion = 17.5.33516.290
MinimumVisualStudioVersion = 10.0.40219.1
Project("{FAE04EC0-301F-11D3-BF4B-00C04F79EFBC}") = "WhisperBuddy.UI", "WhisperBuddy.UI\WhisperBuddy.UI.csproj", "{96B46E51-4F81-4D1D-9C95-31903FA88AAF}"
EndProject
Global
	GlobalSection(SolutionConfigurationPlatforms) = preSolution
		Debug|Any CPU = Debug|Any CPU
		Release|Any CPU = Release|Any CPU
	EndGlobalSection
	GlobalSection(ProjectConfigurationPlatforms) = postSolution
		{96B46E51-4F81-4D1D-9C95-31903FA88AAF}.Debug|Any CPU.ActiveCfg = Debug|Any CPU
		{96B46E51-4F81-4D1D-9C95-31903FA88AAF}.Debug|Any CPU.Build.0 = Debug|Any CPU
		{96B46E51-4F81-4D1D-9C95-31903FA88AAF}.Release|Any CPU.ActiveCfg = Release|Any CPU
		{96B46E51-4F81-4D1D-9C95-31903FA88AAF}.Release|Any CPU.Build.0 = Release|Any CPU
	EndGlobalSection
	GlobalSection(SolutionProperties) = preSolution
		HideSolutionNode = FALSE
	EndGlobalSection
	GlobalSection(ExtensibilityGlobals) = postSolution
		SolutionGuid = {5E0A19F5-8149-4C83-9835-3F1AA139CB67}
	EndGlobalSection
EndGlobal
